
Microsoft Visual Studio Solution File, Format Version 12.00
# Visual Studio Version 17
VisualStudioVersion = 17.1.32319.34
MinimumVisualStudioVersion = 10.0.40219.1
Project("{9A19103F-16F7-4668-BE54-9A1E7A4F7556}") = "Real-State-Catalog", "Real-State-Catalog\Real-State-Catalog.csproj", "{49EDE688-397B-4B8B-8184-32930322F720}"
EndProject
Project("{FAE04EC0-301F-11D3-BF4B-00C04F79EFBC}") = "Real-State-Catalog-WCF.Server", "Real-State-Catalog-WCF\Server\Real-State-Catalog-WCF.Server.csproj", "{AFCAECC3-31E0-40E7-8040-408AE39CED70}"
EndProject
Project("{FAE04EC0-301F-11D3-BF4B-00C04F79EFBC}") = "Real-State-Catalog-WCF.Client", "Real-State-Catalog-WCF\Client\Real-State-Catalog-WCF.Client.csproj", "{2E13AC5C-9E1A-48E2-8498-75C33518BCC1}"
EndProject
Project("{FAE04EC0-301F-11D3-BF4B-00C04F79EFBC}") = "Real-State-Catalog-WCF.Shared", "Real-State-Catalog-WCF\Shared\Real-State-Catalog-WCF.Shared.csproj", "{91E3F505-ED82-4609-8D7E-4D1717191F27}"
EndProject
Global
	GlobalSection(SolutionConfigurationPlatforms) = preSolution
		Debug|Any CPU = Debug|Any CPU
		Release|Any CPU = Release|Any CPU
	EndGlobalSection
	GlobalSection(ProjectConfigurationPlatforms) = postSolution
		{49EDE688-397B-4B8B-8184-32930322F720}.Debug|Any CPU.ActiveCfg = Debug|Any CPU
		{49EDE688-397B-4B8B-8184-32930322F720}.Debug|Any CPU.Build.0 = Debug|Any CPU
		{49EDE688-397B-4B8B-8184-32930322F720}.Release|Any CPU.ActiveCfg = Release|Any CPU
		{49EDE688-397B-4B8B-8184-32930322F720}.Release|Any CPU.Build.0 = Release|Any CPU
		{AFCAECC3-31E0-40E7-8040-408AE39CED70}.Debug|Any CPU.ActiveCfg = Debug|Any CPU
		{AFCAECC3-31E0-40E7-8040-408AE39CED70}.Debug|Any CPU.Build.0 = Debug|Any CPU
		{AFCAECC3-31E0-40E7-8040-408AE39CED70}.Release|Any CPU.ActiveCfg = Release|Any CPU
		{AFCAECC3-31E0-40E7-8040-408AE39CED70}.Release|Any CPU.Build.0 = Release|Any CPU
		{2E13AC5C-9E1A-48E2-8498-75C33518BCC1}.Debug|Any CPU.ActiveCfg = Debug|Any CPU
		{2E13AC5C-9E1A-48E2-8498-75C33518BCC1}.Debug|Any CPU.Build.0 = Debug|Any CPU
		{2E13AC5C-9E1A-48E2-8498-75C33518BCC1}.Release|Any CPU.ActiveCfg = Release|Any CPU
		{2E13AC5C-9E1A-48E2-8498-75C33518BCC1}.Release|Any CPU.Build.0 = Release|Any CPU
		{91E3F505-ED82-4609-8D7E-4D1717191F27}.Debug|Any CPU.ActiveCfg = Debug|Any CPU
		{91E3F505-ED82-4609-8D7E-4D1717191F27}.Debug|Any CPU.Build.0 = Debug|Any CPU
		{91E3F505-ED82-4609-8D7E-4D1717191F27}.Release|Any CPU.ActiveCfg = Release|Any CPU
		{91E3F505-ED82-4609-8D7E-4D1717191F27}.Release|Any CPU.Build.0 = Release|Any CPU
	EndGlobalSection
	GlobalSection(SolutionProperties) = preSolution
		HideSolutionNode = FALSE
	EndGlobalSection
	GlobalSection(ExtensibilityGlobals) = postSolution
		SolutionGuid = {D3B241CB-929F-41BB-9972-82B2A9B1A1EB}
	EndGlobalSection
EndGlobal
